
Microsoft Visual Studio Solution File, Format Version 12.00
# Visual Studio Version 16
VisualStudioVersion = 16.0.29519.87
MinimumVisualStudioVersion = 10.0.40219.1
Project("{9A19103F-16F7-4668-BE54-9A1E7A4F7556}") = "GateWayManagement", "GateWayManagement\GateWayManagement.csproj", "{C3EBF4A5-6D37-4262-925B-BF231D9B62CD}"
EndProject
Global
	GlobalSection(SolutionConfigurationPlatforms) = preSolution
		Debug|Any CPU = Debug|Any CPU
		Release|Any CPU = Release|Any CPU
	EndGlobalSection
	GlobalSection(ProjectConfigurationPlatforms) = postSolution
		{C3EBF4A5-6D37-4262-925B-BF231D9B62CD}.Debug|Any CPU.ActiveCfg = Debug|Any CPU
		{C3EBF4A5-6D37-4262-925B-BF231D9B62CD}.Debug|Any CPU.Build.0 = Debug|Any CPU
		{C3EBF4A5-6D37-4262-925B-BF231D9B62CD}.Release|Any CPU.ActiveCfg = Release|Any CPU
		{C3EBF4A5-6D37-4262-925B-BF231D9B62CD}.Release|Any CPU.Build.0 = Release|Any CPU
	EndGlobalSection
	GlobalSection(SolutionProperties) = preSolution
		HideSolutionNode = FALSE
	EndGlobalSection
	GlobalSection(ExtensibilityGlobals) = postSolution
		SolutionGuid = {6090C34C-3516-4ECB-8FF5-FC2CB52C82EB}
	EndGlobalSection
EndGlobal
